
Microsoft Visual Studio Solution File, Format Version 12.00
Project("{FAE04EC0-301F-11D3-BF4B-00C04F79EFBC}") = "HastaneRandevuSistemi", "HastaneRandevuSistemi\HastaneRandevuSistemi.csproj", "{39CA1F99-860C-4543-A15F-74A6AD436F33}"
EndProject
Project("{FAE04EC0-301F-11D3-BF4B-00C04F79EFBC}") = "EntityLayer", "EntityLayer\EntityLayer.csproj", "{F52E36C0-DDC2-443A-AB47-7D29FBE31F83}"
EndProject
Project("{FAE04EC0-301F-11D3-BF4B-00C04F79EFBC}") = "BusinessLayer", "BusinessLayer\BusinessLayer.csproj", "{7791631E-219B-44BD-92E1-B1B835329E42}"
EndProject
Project("{FAE04EC0-301F-11D3-BF4B-00C04F79EFBC}") = "DataAccessLayer", "DataAccessLayer\DataAccessLayer.csproj", "{84E9D5CA-C789-4EA6-8F0B-D1426097E77C}"
EndProject
Global
	GlobalSection(SolutionConfigurationPlatforms) = preSolution
		Debug|Any CPU = Debug|Any CPU
		Release|Any CPU = Release|Any CPU
	EndGlobalSection
	GlobalSection(ProjectConfigurationPlatforms) = postSolution
		{39CA1F99-860C-4543-A15F-74A6AD436F33}.Debug|Any CPU.ActiveCfg = Debug|Any CPU
		{39CA1F99-860C-4543-A15F-74A6AD436F33}.Debug|Any CPU.Build.0 = Debug|Any CPU
		{39CA1F99-860C-4543-A15F-74A6AD436F33}.Release|Any CPU.ActiveCfg = Release|Any CPU
		{39CA1F99-860C-4543-A15F-74A6AD436F33}.Release|Any CPU.Build.0 = Release|Any CPU
		{F52E36C0-DDC2-443A-AB47-7D29FBE31F83}.Debug|Any CPU.ActiveCfg = Debug|Any CPU
		{F52E36C0-DDC2-443A-AB47-7D29FBE31F83}.Debug|Any CPU.Build.0 = Debug|Any CPU
		{F52E36C0-DDC2-443A-AB47-7D29FBE31F83}.Release|Any CPU.ActiveCfg = Release|Any CPU
		{F52E36C0-DDC2-443A-AB47-7D29FBE31F83}.Release|Any CPU.Build.0 = Release|Any CPU
		{7791631E-219B-44BD-92E1-B1B835329E42}.Debug|Any CPU.ActiveCfg = Debug|Any CPU
		{7791631E-219B-44BD-92E1-B1B835329E42}.Debug|Any CPU.Build.0 = Debug|Any CPU
		{7791631E-219B-44BD-92E1-B1B835329E42}.Release|Any CPU.ActiveCfg = Release|Any CPU
		{7791631E-219B-44BD-92E1-B1B835329E42}.Release|Any CPU.Build.0 = Release|Any CPU
		{84E9D5CA-C789-4EA6-8F0B-D1426097E77C}.Debug|Any CPU.ActiveCfg = Debug|Any CPU
		{84E9D5CA-C789-4EA6-8F0B-D1426097E77C}.Debug|Any CPU.Build.0 = Debug|Any CPU
		{84E9D5CA-C789-4EA6-8F0B-D1426097E77C}.Release|Any CPU.ActiveCfg = Release|Any CPU
		{84E9D5CA-C789-4EA6-8F0B-D1426097E77C}.Release|Any CPU.Build.0 = Release|Any CPU
	EndGlobalSection
EndGlobal
